
Microsoft Visual Studio Solution File, Format Version 12.00
# Visual Studio Version 17
VisualStudioVersion = 17.0.32112.339
MinimumVisualStudioVersion = 10.0.40219.1
Project("{FAE04EC0-301F-11D3-BF4B-00C04F79EFBC}") = "Figury", "Figury\Figury.csproj", "{940D2439-3FC0-4434-8413-FBE4AC5F0625}"
EndProject
Global
	GlobalSection(SolutionConfigurationPlatforms) = preSolution
		Debug|Any CPU = Debug|Any CPU
		Release|Any CPU = Release|Any CPU
	EndGlobalSection
	GlobalSection(ProjectConfigurationPlatforms) = postSolution
		{940D2439-3FC0-4434-8413-FBE4AC5F0625}.Debug|Any CPU.ActiveCfg = Debug|Any CPU
		{940D2439-3FC0-4434-8413-FBE4AC5F0625}.Debug|Any CPU.Build.0 = Debug|Any CPU
		{940D2439-3FC0-4434-8413-FBE4AC5F0625}.Release|Any CPU.ActiveCfg = Release|Any CPU
		{940D2439-3FC0-4434-8413-FBE4AC5F0625}.Release|Any CPU.Build.0 = Release|Any CPU
	EndGlobalSection
	GlobalSection(SolutionProperties) = preSolution
		HideSolutionNode = FALSE
	EndGlobalSection
	GlobalSection(ExtensibilityGlobals) = postSolution
		SolutionGuid = {A67894BE-1D86-443D-8F21-62A07C2BB5A2}
	EndGlobalSection
EndGlobal
